dependencies:
- name: zookeeper
  repository: https://charts.bitnami.com/bitnami
  version: 13.8.7
- name: mysql
  repository: https://charts.bitnami.com/bitnami
  version: 14.0.3
- name: redis
  repository: https://charts.bitnami.com/bitnami
  version: 22.0.7
- name: kafka
  repository: https://charts.bitnami.com/bitnami
  version: 32.4.3
- name: pinot
  repository: https://raw.githubusercontent.com/apache/pinot/master/helm
  version: 0.3.4
digest: sha256:bc49c54e7f64d6ca271941a0bc7a2223ba3ba8bd74d77536087ee2dfce20387e
generated: "2026-08-06T18:27:30.428679103+03:00"
