dependencies:
- name: zookeeper
  repository: https://charts.bitnami.com/bitnami
  version: 13.8.7
- name: mysql
  repository: https://charts.bitnami.com/bitnami
  version: 14.0.3
- name: redis
  repository: https://charts.bitnami.com/bitnami
  version: 22.0.7
- name: kafka
  repository: https://charts.bitnami.com/bitnami
  version: 32.4.3
- name: pinot
  repository: https://raw.githubusercontent.com/apache/pinot/master/helm
  version: 0.3.4
digest: sha256:b0aa93c357593e46ac1c2620b1a8f2ddc617bc724141b3472d37bb34d23fde9e
generated: "2026-10-07T14:52:11.745609705+03:00"
